
Microsoft Visual Studio Solution File, Format Version 12.00
# Visual Studio Version 17
VisualStudioVersion = 17.0.32112.339
MinimumVisualStudioVersion = 10.0.40219.1
Project("{FAE04EC0-301F-11D3-BF4B-00C04F79EFBC}") = "GalactikWakFoot", "GalactikWakFoot\GalactikWakFoot.csproj", "{E34E079E-D680-411F-87D5-98DB9E4B941B}"
EndProject
Global
	GlobalSection(SolutionConfigurationPlatforms) = preSolution
		Debug|Any CPU = Debug|Any CPU
		Debug|x64 = Debug|x64
		Release|Any CPU = Release|Any CPU
		Release|x64 = Release|x64
	EndGlobalSection
	GlobalSection(ProjectConfigurationPlatforms) = postSolution
		{E34E079E-D680-411F-87D5-98DB9E4B941B}.Debug|Any CPU.ActiveCfg = Debug|Any CPU
		{E34E079E-D680-411F-87D5-98DB9E4B941B}.Debug|Any CPU.Build.0 = Debug|Any CPU
		{E34E079E-D680-411F-87D5-98DB9E4B941B}.Debug|x64.ActiveCfg = Debug|Any CPU
		{E34E079E-D680-411F-87D5-98DB9E4B941B}.Debug|x64.Build.0 = Debug|Any CPU
		{E34E079E-D680-411F-87D5-98DB9E4B941B}.Release|Any CPU.ActiveCfg = Release|Any CPU
		{E34E079E-D680-411F-87D5-98DB9E4B941B}.Release|Any CPU.Build.0 = Release|Any CPU
		{E34E079E-D680-411F-87D5-98DB9E4B941B}.Release|x64.ActiveCfg = Release|Any CPU
		{E34E079E-D680-411F-87D5-98DB9E4B941B}.Release|x64.Build.0 = Release|Any CPU
	EndGlobalSection
	GlobalSection(SolutionProperties) = preSolution
		HideSolutionNode = FALSE
	EndGlobalSection
	GlobalSection(ExtensibilityGlobals) = postSolution
		SolutionGuid = {1DCDB19A-D11B-4B37-BF77-C9492F985E6B}
	EndGlobalSection
EndGlobal
